// !$*UTF8*$!
{
	archiveVersion = 1;
	classes = {
	};
	objectVersion = 46;
	objects = {

/* Begin PBXBuildFile section */
		115394CB1AB9AA800054D77C /* GCDAsyncSocket.m in Sources */ = {isa = PBXBuildFile; fileRef = 115394C71AB9AA800054D77C /* GCDAsyncSocket.m */; };
		115394CC1AB9AA800054D77C /* Reachability.m in Sources */ = {isa = PBXBuildFile; fileRef = 115394C91AB9AA800054D77C /* Reachability.m */; };
		115394CE1AB9AAB10054D77C /* CFNetwork.framework in Frameworks */ = {isa = PBXBuildFile; fileRef = 115394CD1AB9AAB10054D77C /* CFNetwork.framework */; };
		115394D31AB9AC420054D77C /* GCDAsyncSocket.h in CopyFiles */ = {isa = PBXBuildFile; fileRef = 115394C61AB9AA800054D77C /* GCDAsyncSocket.h */; };
		115394D41AB9AC420054D77C /* Reachability.h in CopyFiles */ = {isa = PBXBuildFile; fileRef = 115394C81AB9AA800054D77C /* Reachability.h */; };
		115394D71AB9AD040054D77C /* DFNettyCommonClient.m in Sources */ = {isa = PBXBuildFile; fileRef = 115394D61AB9AD040054D77C /* DFNettyCommonClient.m */; };
		115394D81AB9AD0C0054D77C /* DFNettyCommonClient.h in CopyFiles */ = {isa = PBXBuildFile; fileRef = 115394D51AB9AD040054D77C /* DFNettyCommonClient.h */; };
/* End PBXBuildFile section */

/* Begin PBXCopyFilesBuildPhase section */
		1153946E1AB9A96B0054D77C /* CopyFiles */ = {
			isa = PBXCopyFilesBuildPhase;
			buildActionMask = 2147483647;
			dstPath = "include/$(PRODUCT_NAME)";
			dstSubfolderSpec = 16;
			files = (
				115394D81AB9AD0C0054D77C /* DFNettyCommonClient.h in CopyFiles */,
				115394D31AB9AC420054D77C /* GCDAsyncSocket.h in CopyFiles */,
				115394D41AB9AC420054D77C /* Reachability.h in CopyFiles */,
			);
			runOnlyForDeploymentPostprocessing = 0;
		};
/* End PBXCopyFilesBuildPhase section */

/* Begin PBXFileReference section */
		115394701AB9A96B0054D77C /* libnetty-common-client.a */ = {isa = PBXFileReference; explicitFileType = archive.ar; includeInIndex = 0; path = "libnetty-common-client.a"; sourceTree = BUILT_PRODUCTS_DIR; };
		115394C61AB9AA800054D77C /* GCDAsyncSocket.h */ = {isa = PBXFileReference; fileEncoding = 4; lastKnownFileType = sourcecode.c.h; path = GCDAsyncSocket.h; sourceTree = "<group>"; };
		115394C71AB9AA800054D77C /* GCDAsyncSocket.m */ = {isa = PBXFileReference; fileEncoding = 4; lastKnownFileType = sourcecode.c.objc; path = GCDAsyncSocket.m; sourceTree = "<group>"; };
		115394C81AB9AA800054D77C /* Reachability.h */ = {isa = PBXFileReference; fileEncoding = 4; lastKnownFileType = sourcecode.c.h; path = Reachability.h; sourceTree = "<group>"; };
		115394C91AB9AA800054D77C /* Reachability.m */ = {isa = PBXFileReference; fileEncoding = 4; lastKnownFileType = sourcecode.c.objc; path = Reachability.m; sourceTree = "<group>"; };
		115394CD1AB9AAB10054D77C /* CFNetwork.framework */ = {isa = PBXFileReference; lastKnownFileType = wrapper.framework; name = CFNetwork.framework; path = System/Library/Frameworks/CFNetwork.framework; sourceTree = SDKROOT; };
		115394D51AB9AD040054D77C /* DFNettyCommonClient.h */ = {isa = PBXFileReference; fileEncoding = 4; lastKnownFileType = sourcecode.c.h; path = DFNettyCommonClient.h; sourceTree = "<group>"; };
		115394D61AB9AD040054D77C /* DFNettyCommonClient.m */ = {isa = PBXFileReference; fileEncoding = 4; lastKnownFileType = sourcecode.c.objc; path = DFNettyCommonClient.m; sourceTree = "<group>"; };
/* End PBXFileReference section */

/* Begin PBXFrameworksBuildPhase section */
		1153946D1AB9A96B0054D77C /* Frameworks */ = {
			isa = PBXFrameworksBuildPhase;
			buildActionMask = 2147483647;
			files = (
				115394CE1AB9AAB10054D77C /* CFNetwork.framework in Frameworks */,
			);
			runOnlyForDeploymentPostprocessing = 0;
		};
/* End PBXFrameworksBuildPhase section */

/* Begin PBXGroup section */
		115394671AB9A96B0054D77C = {
			isa = PBXGroup;
			children = (
				115394CD1AB9AAB10054D77C /* CFNetwork.framework */,
				115394721AB9A96B0054D77C /* netty-common-client */,
				115394711AB9A96B0054D77C /* Products */,
			);
			sourceTree = "<group>";
		};
		115394711AB9A96B0054D77C /* Products */ = {
			isa = PBXGroup;
			children = (
				115394701AB9A96B0054D77C /* libnetty-common-client.a */,
			);
			name = Products;
			sourceTree = "<group>";
		};
		115394721AB9A96B0054D77C /* netty-common-client */ = {
			isa = PBXGroup;
			children = (
				115394D51AB9AD040054D77C /* DFNettyCommonClient.h */,
				115394D61AB9AD040054D77C /* DFNettyCommonClient.m */,
				115394C61AB9AA800054D77C /* GCDAsyncSocket.h */,
				115394C71AB9AA800054D77C /* GCDAsyncSocket.m */,
				115394C81AB9AA800054D77C /* Reachability.h */,
				115394C91AB9AA800054D77C /* Reachability.m */,
			);
			path = "netty-common-client";
			sourceTree = "<group>";
		};
/* End PBXGroup section */

/* Begin PBXNativeTarget section */
		1153946F1AB9A96B0054D77C /* netty-common-client */ = {
			isa = PBXNativeTarget;
			buildConfigurationList = 115394841AB9A96B0054D77C /* Build configuration list for PBXNativeTarget "netty-common-client" */;
			buildPhases = (
				1153946C1AB9A96B0054D77C /* Sources */,
				1153946D1AB9A96B0054D77C /* Frameworks */,
				1153946E1AB9A96B0054D77C /* CopyFiles */,
			);
			buildRules = (
			);
			dependencies = (
			);
			name = "netty-common-client";
			productName = "netty-common-client";
			productReference = 115394701AB9A96B0054D77C /* libnetty-common-client.a */;
			productType = "com.apple.product-type.library.static";
		};
/* End PBXNativeTarget section */

/* Begin PBXProject section */
		115394681AB9A96B0054D77C /* Project object */ = {
			isa = PBXProject;
			attributes = {
				LastUpgradeCheck = 0620;
				ORGANIZATIONNAME = "Datafans Inc.";
				TargetAttributes = {
					1153946F1AB9A96B0054D77C = {
						CreatedOnToolsVersion = 6.2;
					};
				};
			};
			buildConfigurationList = 1153946B1AB9A96B0054D77C /* Build configuration list for PBXProject "netty-common-client" */;
			compatibilityVersion = "Xcode 3.2";
			developmentRegion = English;
			hasScannedForEncodings = 0;
			knownRegions = (
				en,
			);
			mainGroup = 115394671AB9A96B0054D77C;
			productRefGroup = 115394711AB9A96B0054D77C /* Products */;
			projectDirPath = "";
			projectRoot = "";
			targets = (
				1153946F1AB9A96B0054D77C /* netty-common-client */,
			);
		};
/* End PBXProject section */

/* Begin PBXSourcesBuildPhase section */
		1153946C1AB9A96B0054D77C /* Sources */ = {
			isa = PBXSourcesBuildPhase;
			buildActionMask = 2147483647;
			files = (
				115394CB1AB9AA800054D77C /* GCDAsyncSocket.m in Sources */,
				115394D71AB9AD040054D77C /* DFNettyCommonClient.m in Sources */,
				115394CC1AB9AA800054D77C /* Reachability.m in Sources */,
			);
			runOnlyForDeploymentPostprocessing = 0;
		};
/* End PBXSourcesBuildPhase section */

/* Begin XCBuildConfiguration section */
		115394821AB9A96B0054D77C /* Debug */ = {
			isa = XCBuildConfiguration;
			buildSettings = {
				ALWAYS_SEARCH_USER_PATHS = NO;
				CLANG_CXX_LANGUAGE_STANDARD = "gnu++0x";
				CLANG_CXX_LIBRARY = "libc++";
				CLANG_ENABLE_MODULES = YES;
				CLANG_ENABLE_OBJC_ARC = YES;
				CLANG_WARN_BOOL_CONVERSION = YES;
				CLANG_WARN_CONSTANT_CONVERSION = YES;
				CLANG_WARN_DIRECT_OBJC_ISA_USAGE = YES_ERROR;
				CLANG_WARN_EMPTY_BODY = YES;
				CLANG_WARN_ENUM_CONVERSION = YES;
				CLANG_WARN_INT_CONVERSION = YES;
				CLANG_WARN_OBJC_ROOT_CLASS = YES_ERROR;
				CLANG_WARN_UNREACHABLE_CODE = YES;
				CLANG_WARN__DUPLICATE_METHOD_MATCH = YES;
				COPY_PHASE_STRIP = NO;
				ENABLE_STRICT_OBJC_MSGSEND = YES;
				GCC_C_LANGUAGE_STANDARD = gnu99;
				GCC_DYNAMIC_NO_PIC = NO;
				GCC_OPTIMIZATION_LEVEL = 0;
				GCC_PREPROCESSOR_DEFINITIONS = (
					"DEBUG=1",
					"$(inherited)",
				);
				GCC_SYMBOLS_PRIVATE_EXTERN = NO;
				GCC_WARN_64_TO_32_BIT_CONVERSION = YES;
				GCC_WARN_ABOUT_RETURN_TYPE = YES_ERROR;
				GCC_WARN_UNDECLARED_SELECTOR = YES;
				GCC_WARN_UNINITIALIZED_AUTOS = YES_AGGRESSIVE;
				GCC_WARN_UNUSED_FUNCTION = YES;
				GCC_WARN_UNUSED_VARIABLE = YES;
				IPHONEOS_DEPLOYMENT_TARGET = 8.2;
				MTL_ENABLE_DEBUG_INFO = YES;
				ONLY_ACTIVE_ARCH = YES;
				SDKROOT = iphoneos;
			};
			name = Debug;
		};
		115394831AB9A96B0054D77C /* Release */ = {
			isa = XCBuildConfiguration;
			buildSettings = {
				ALWAYS_SEARCH_USER_PATHS = NO;
				CLANG_CXX_LANGUAGE_STANDARD = "gnu++0x";
				CLANG_CXX_LIBRARY = "libc++";
				CLANG_ENABLE_MODULES = YES;
				CLANG_ENABLE_OBJC_ARC = YES;
				CLANG_WARN_BOOL_CONVERSION = YES;
				CLANG_WARN_CONSTANT_CONVERSION = YES;
				CLANG_WARN_DIRECT_OBJC_ISA_USAGE = YES_ERROR;
				CLANG_WARN_EMPTY_BODY = YES;
				CLANG_WARN_ENUM_CONVERSION = YES;
				CLANG_WARN_INT_CONVERSION = YES;
				CLANG_WARN_OBJC_ROOT_CLASS = YES_ERROR;
				CLANG_WARN_UNREACHABLE_CODE = YES;
				CLANG_WARN__DUPLICATE_METHOD_MATCH = YES;
				COPY_PHASE_STRIP = NO;
				ENABLE_NS_ASSERTIONS = NO;
				ENABLE_STRICT_OBJC_MSGSEND = YES;
				GCC_C_LANGUAGE_STANDARD = gnu99;
				GCC_WARN_64_TO_32_BIT_CONVERSION = YES;
				GCC_WARN_ABOUT_RETURN_TYPE = YES_ERROR;
				GCC_WARN_UNDECLARED_SELECTOR = YES;
				GCC_WARN_UNINITIALIZED_AUTOS = YES_AGGRESSIVE;
				GCC_WARN_UNUSED_FUNCTION = YES;
				GCC_WARN_UNUSED_VARIABLE = YES;
				IPHONEOS_DEPLOYMENT_TARGET = 8.2;
				MTL_ENABLE_DEBUG_INFO = NO;
				SDKROOT = iphoneos;
				VALIDATE_PRODUCT = YES;
			};
			name = Release;
		};
		115394851AB9A96B0054D77C /* Debug */ = {
			isa = XCBuildConfiguration;
			buildSettings = {
				OTHER_LDFLAGS = "-ObjC";
				PRODUCT_NAME = "$(TARGET_NAME)";
				SKIP_INSTALL = YES;
			};
			name = Debug;
		};
		115394861AB9A96B0054D77C /* Release */ = {
			isa = XCBuildConfiguration;
			buildSettings = {
				OTHER_LDFLAGS = "-ObjC";
				PRODUCT_NAME = "$(TARGET_NAME)";
				SKIP_INSTALL = YES;
			};
			name = Release;
		};
/* End XCBuildConfiguration section */

/* Begin XCConfigurationList section */
		1153946B1AB9A96B0054D77C /* Build configuration list for PBXProject "netty-common-client" */ = {
			isa = XCConfigurationList;
			buildConfigurations = (
				115394821AB9A96B0054D77C /* Debug */,
				115394831AB9A96B0054D77C /* Release */,
			);
			defaultConfigurationIsVisible = 0;
			defaultConfigurationName = Release;
		};
		115394841AB9A96B0054D77C /* Build configuration list for PBXNativeTarget "netty-common-client" */ = {
			isa = XCConfigurationList;
			buildConfigurations = (
				115394851AB9A96B0054D77C /* Debug */,
				115394861AB9A96B0054D77C /* Release */,
			);
			defaultConfigurationIsVisible = 0;
			defaultConfigurationName = Release;
		};
/* End XCConfigurationList section */
	};
	rootObject = 115394681AB9A96B0054D77C /* Project object */;
}
